{
  "name": "maleftt",
  "version": "2.0.0",
  "lockfileVersion": 3,
  "requires": true,
  "packages": {
    "": {
      "name": "maleftt",
      "version": "2.0.0",
      "dependencies": {
        "@hono/node-server": "^2.1.1",
        "hono": "^4.10.6"
      }
    },
    "node_modules/@hono/node-server": {
      "version": "2.1.3",
      "resolved": "https://registry.npmjs.org/@hono/node-server/-/node-server-2.1.3.tgz",
      "integrity": "sha512-TA//nWMqPhbfdfneACk6t5a9eqbS9lABEPyKn0/xZTah3H3U2XaVg85rJFl0/Fyit0I552YDHgXGVSf3GwqbUw==",
      "license": "MIT",
      "engines": {
        "node": ">=20"
      },
      "peerDependencies": {
        "hono": "^4"
      }
    },
    "node_modules/hono": {
      "version": "4.13.12",
      "resolved": "https://registry.npmjs.org/hono/-/hono-4.13.12.tgz",
      "integrity": "sha512-6E2QDAc9Ick9Sq77ZrGS/dk2WUYni91aufTw6LJKpV7w8kW5/GxVUc650FOADOmlwg3K+f7Pun6XlV+pYmW6gw==",
      "license": "MIT",
      "engines": {
        "node": ">=16.9.0"
      }
    }
  }
}
